
Microsoft Visual Studio Solution File, Format Version 12.00
# Visual Studio 15
VisualStudioVersion = 15.0.27130.2024
MinimumVisualStudioVersion = 10.0.40219.1
Project("{FAE04EC0-301F-11D3-BF4B-00C04F79EFBC}") = "HangedManWPF", "HangedManWPF\HangedManWPF.csproj", "{D912FF04-5034-4581-BF1E-3461AEEA7F3E}"
EndProject
Global
	GlobalSection(SolutionConfigurationPlatforms) = preSolution
		Debug|Any CPU = Debug|Any CPU
		Release|Any CPU = Release|Any CPU
	EndGlobalSection
	GlobalSection(ProjectConfigurationPlatforms) = postSolution
		{D912FF04-5034-4581-BF1E-3461AEEA7F3E}.Debug|Any CPU.ActiveCfg = Debug|Any CPU
		{D912FF04-5034-4581-BF1E-3461AEEA7F3E}.Debug|Any CPU.Build.0 = Debug|Any CPU
		{D912FF04-5034-4581-BF1E-3461AEEA7F3E}.Release|Any CPU.ActiveCfg = Release|Any CPU
		{D912FF04-5034-4581-BF1E-3461AEEA7F3E}.Release|Any CPU.Build.0 = Release|Any CPU
	EndGlobalSection
	GlobalSection(SolutionProperties) = preSolution
		HideSolutionNode = FALSE
	EndGlobalSection
	GlobalSection(ExtensibilityGlobals) = postSolution
		SolutionGuid = {EE5979ED-F8D8-4832-837E-CB7FC041EFB0}
	EndGlobalSection
EndGlobal
