
Microsoft Visual Studio Solution File, Format Version 12.00
# Visual Studio 15
VisualStudioVersion = 15.0.27130.2024
MinimumVisualStudioVersion = 10.0.40219.1
Project("{FAE04EC0-301F-11D3-BF4B-00C04F79EFBC}") = "HangedManF", "HangedManF\HangedManF.csproj", "{9037BDED-7BB3-41C2-BC7D-40086698B0FB}"
EndProject
Global
	GlobalSection(SolutionConfigurationPlatforms) = preSolution
		Debug|Any CPU = Debug|Any CPU
		Release|Any CPU = Release|Any CPU
	EndGlobalSection
	GlobalSection(ProjectConfigurationPlatforms) = postSolution
		{9037BDED-7BB3-41C2-BC7D-40086698B0FB}.Debug|Any CPU.ActiveCfg = Debug|Any CPU
		{9037BDED-7BB3-41C2-BC7D-40086698B0FB}.Debug|Any CPU.Build.0 = Debug|Any CPU
		{9037BDED-7BB3-41C2-BC7D-40086698B0FB}.Release|Any CPU.ActiveCfg = Release|Any CPU
		{9037BDED-7BB3-41C2-BC7D-40086698B0FB}.Release|Any CPU.Build.0 = Release|Any CPU
	EndGlobalSection
	GlobalSection(SolutionProperties) = preSolution
		HideSolutionNode = FALSE
	EndGlobalSection
	GlobalSection(ExtensibilityGlobals) = postSolution
		SolutionGuid = {B0CC5B85-35A6-4CE0-AFAD-7ED2C6109D30}
	EndGlobalSection
EndGlobal
